
Microsoft Visual Studio Solution File, Format Version 12.00
# Visual Studio 15
Project("{FAE04EC0-301F-11D3-BF4B-00C04F79EFBC}") = "ControlitFactory", "src\ControlitFactory\ControlitFactory.csproj", "{53F684FE-EF3F-4D7B-A660-B3DB1E2DF32D}"
EndProject
Project("{FAE04EC0-301F-11D3-BF4B-00C04F79EFBC}") = "ControlitFactory.iOS", "src\ControlitFactory.iOS\ControlitFactory.iOS.csproj", "{497B5C55-46BB-47C8-A359-78B331CDF5E7}"
EndProject
Project("{2150E333-8FDC-42A3-9474-1A3956D46DE8}") = "src", "src", "{866ABC79-DB24-4122-91D0-2AD469E57670}"
EndProject
Project("{2150E333-8FDC-42A3-9474-1A3956D46DE8}") = "Solution Items", "Solution Items", "{E4849154-DE2A-4653-A592-1DA01A75FBEF}"
	ProjectSection(SolutionItems) = preProject
		ReadMe.md = ReadMe.md
		GettingStarted.txt = GettingStarted.txt
		Directory.build.props = Directory.build.props
		.editorconfig = .editorconfig
	EndProjectSection
EndProject
Project("{2150E333-8FDC-42A3-9474-1A3956D46DE8}") = "build", "build", "{FDD7CC2F-5871-4360-A004-6AE86302F67D}"
	ProjectSection(SolutionItems) = preProject
		build\BuildTemplateInfo.plist = build\BuildTemplateInfo.plist
	EndProjectSection
EndProject
Global
	GlobalSection(SolutionConfigurationPlatforms) = preSolution
		Mock|Any CPU = Mock|Any CPU
		Release|Any CPU = Release|Any CPU
		AppStore|Any CPU = AppStore|Any CPU
		Debug|Any CPU = Debug|Any CPU
		Debug|iPhoneSimulator = Debug|iPhoneSimulator
		Release|iPhoneSimulator = Release|iPhoneSimulator
		Debug|iPhone = Debug|iPhone
		Release|iPhone = Release|iPhone
		Ad-Hoc|iPhone = Ad-Hoc|iPhone
		AppStore|iPhone = AppStore|iPhone
		Mock|iPhoneSimulator = Mock|iPhoneSimulator
		Mock|iPhone = Mock|iPhone
	EndGlobalSection
	GlobalSection(ProjectConfigurationPlatforms) = postSolution
		{53F684FE-EF3F-4D7B-A660-B3DB1E2DF32D}.Mock|Any CPU.ActiveCfg = Mock|Any CPU
		{53F684FE-EF3F-4D7B-A660-B3DB1E2DF32D}.Mock|Any CPU.Build.0 = Mock|Any CPU
		{53F684FE-EF3F-4D7B-A660-B3DB1E2DF32D}.Release|Any CPU.ActiveCfg = Release|Any CPU
		{53F684FE-EF3F-4D7B-A660-B3DB1E2DF32D}.Release|Any CPU.Build.0 = Release|Any CPU
		{53F684FE-EF3F-4D7B-A660-B3DB1E2DF32D}.AppStore|Any CPU.ActiveCfg = AppStore|Any CPU
		{53F684FE-EF3F-4D7B-A660-B3DB1E2DF32D}.AppStore|Any CPU.Build.0 = AppStore|Any CPU
		{53F684FE-EF3F-4D7B-A660-B3DB1E2DF32D}.Debug|Any CPU.ActiveCfg = Debug|Any CPU
		{53F684FE-EF3F-4D7B-A660-B3DB1E2DF32D}.Debug|Any CPU.Build.0 = Debug|Any CPU
		{53F684FE-EF3F-4D7B-A660-B3DB1E2DF32D}.Debug|iPhoneSimulator.ActiveCfg = Debug|Any CPU
		{53F684FE-EF3F-4D7B-A660-B3DB1E2DF32D}.Debug|iPhoneSimulator.Build.0 = Debug|Any CPU
		{53F684FE-EF3F-4D7B-A660-B3DB1E2DF32D}.Release|iPhoneSimulator.ActiveCfg = Release|Any CPU
		{53F684FE-EF3F-4D7B-A660-B3DB1E2DF32D}.Release|iPhoneSimulator.Build.0 = Release|Any CPU
		{53F684FE-EF3F-4D7B-A660-B3DB1E2DF32D}.Debug|iPhone.ActiveCfg = Debug|Any CPU
		{53F684FE-EF3F-4D7B-A660-B3DB1E2DF32D}.Debug|iPhone.Build.0 = Debug|Any CPU
		{53F684FE-EF3F-4D7B-A660-B3DB1E2DF32D}.Release|iPhone.ActiveCfg = Release|Any CPU
		{53F684FE-EF3F-4D7B-A660-B3DB1E2DF32D}.Release|iPhone.Build.0 = Release|Any CPU
		{53F684FE-EF3F-4D7B-A660-B3DB1E2DF32D}.Ad-Hoc|iPhone.ActiveCfg = Mock|Any CPU
		{53F684FE-EF3F-4D7B-A660-B3DB1E2DF32D}.Ad-Hoc|iPhone.Build.0 = Mock|Any CPU
		{53F684FE-EF3F-4D7B-A660-B3DB1E2DF32D}.AppStore|iPhone.ActiveCfg = AppStore|Any CPU
		{53F684FE-EF3F-4D7B-A660-B3DB1E2DF32D}.AppStore|iPhone.Build.0 = AppStore|Any CPU
		{53F684FE-EF3F-4D7B-A660-B3DB1E2DF32D}.Mock|iPhoneSimulator.ActiveCfg = Mock|Any CPU
		{53F684FE-EF3F-4D7B-A660-B3DB1E2DF32D}.Mock|iPhoneSimulator.Build.0 = Mock|Any CPU
		{53F684FE-EF3F-4D7B-A660-B3DB1E2DF32D}.Mock|iPhone.ActiveCfg = Mock|Any CPU
		{53F684FE-EF3F-4D7B-A660-B3DB1E2DF32D}.Mock|iPhone.Build.0 = Mock|Any CPU
		{497B5C55-46BB-47C8-A359-78B331CDF5E7}.Mock|Any CPU.ActiveCfg = Mock|iPhoneSimulator
		{497B5C55-46BB-47C8-A359-78B331CDF5E7}.Mock|Any CPU.Build.0 = Mock|iPhoneSimulator
		{497B5C55-46BB-47C8-A359-78B331CDF5E7}.Release|Any CPU.ActiveCfg = Release|iPhoneSimulator
		{497B5C55-46BB-47C8-A359-78B331CDF5E7}.Release|Any CPU.Build.0 = Release|iPhoneSimulator
		{497B5C55-46BB-47C8-A359-78B331CDF5E7}.AppStore|Any CPU.ActiveCfg = AppStore|iPhone
		{497B5C55-46BB-47C8-A359-78B331CDF5E7}.AppStore|Any CPU.Build.0 = AppStore|iPhone
		{497B5C55-46BB-47C8-A359-78B331CDF5E7}.Debug|Any CPU.ActiveCfg = Debug|iPhoneSimulator
		{497B5C55-46BB-47C8-A359-78B331CDF5E7}.Debug|Any CPU.Build.0 = Debug|iPhoneSimulator
		{497B5C55-46BB-47C8-A359-78B331CDF5E7}.Debug|iPhoneSimulator.ActiveCfg = Debug|iPhoneSimulator
		{497B5C55-46BB-47C8-A359-78B331CDF5E7}.Debug|iPhoneSimulator.Build.0 = Debug|iPhoneSimulator
		{497B5C55-46BB-47C8-A359-78B331CDF5E7}.Release|iPhoneSimulator.ActiveCfg = Release|iPhoneSimulator
		{497B5C55-46BB-47C8-A359-78B331CDF5E7}.Release|iPhoneSimulator.Build.0 = Release|iPhoneSimulator
		{497B5C55-46BB-47C8-A359-78B331CDF5E7}.Debug|iPhone.ActiveCfg = Debug|iPhone
		{497B5C55-46BB-47C8-A359-78B331CDF5E7}.Debug|iPhone.Build.0 = Debug|iPhone
		{497B5C55-46BB-47C8-A359-78B331CDF5E7}.Release|iPhone.ActiveCfg = Release|iPhone
		{497B5C55-46BB-47C8-A359-78B331CDF5E7}.Release|iPhone.Build.0 = Release|iPhone
		{497B5C55-46BB-47C8-A359-78B331CDF5E7}.Ad-Hoc|iPhone.ActiveCfg = Ad-Hoc|iPhone
		{497B5C55-46BB-47C8-A359-78B331CDF5E7}.Ad-Hoc|iPhone.Build.0 = Ad-Hoc|iPhone
		{497B5C55-46BB-47C8-A359-78B331CDF5E7}.AppStore|iPhone.ActiveCfg = AppStore|iPhone
		{497B5C55-46BB-47C8-A359-78B331CDF5E7}.AppStore|iPhone.Build.0 = AppStore|iPhone
		{497B5C55-46BB-47C8-A359-78B331CDF5E7}.Mock|iPhoneSimulator.ActiveCfg = Mock|iPhoneSimulator
		{497B5C55-46BB-47C8-A359-78B331CDF5E7}.Mock|iPhoneSimulator.Build.0 = Mock|iPhoneSimulator
		{497B5C55-46BB-47C8-A359-78B331CDF5E7}.Mock|iPhone.ActiveCfg = Mock|iPhone
		{497B5C55-46BB-47C8-A359-78B331CDF5E7}.Mock|iPhone.Build.0 = Mock|iPhone
	EndGlobalSection
	GlobalSection(NestedProjects) = preSolution
		{53F684FE-EF3F-4D7B-A660-B3DB1E2DF32D} = {866ABC79-DB24-4122-91D0-2AD469E57670}
		{497B5C55-46BB-47C8-A359-78B331CDF5E7} = {866ABC79-DB24-4122-91D0-2AD469E57670}
	EndGlobalSection
EndGlobal
